
Microsoft Visual Studio Solution File, Format Version 12.00
# Visual Studio Version 17
VisualStudioVersion = 17.3.32929.385
MinimumVisualStudioVersion = 10.0.40219.1
Project("{FAE04EC0-301F-11D3-BF4B-00C04F79EFBC}") = "soufGame", "soufGame.csproj", "{E12A9A90-BE36-4770-8307-D041C71B1E98}"
EndProject
Global
	GlobalSection(SolutionConfigurationPlatforms) = preSolution
		Debug|Any CPU = Debug|Any CPU
		Release|Any CPU = Release|Any CPU
	EndGlobalSection
	GlobalSection(ProjectConfigurationPlatforms) = postSolution
		{E12A9A90-BE36-4770-8307-D041C71B1E98}.Debug|Any CPU.ActiveCfg = Debug|Any CPU
		{E12A9A90-BE36-4770-8307-D041C71B1E98}.Debug|Any CPU.Build.0 = Debug|Any CPU
		{E12A9A90-BE36-4770-8307-D041C71B1E98}.Release|Any CPU.ActiveCfg = Release|Any CPU
		{E12A9A90-BE36-4770-8307-D041C71B1E98}.Release|Any CPU.Build.0 = Release|Any CPU
	EndGlobalSection
	GlobalSection(SolutionProperties) = preSolution
		HideSolutionNode = FALSE
	EndGlobalSection
	GlobalSection(ExtensibilityGlobals) = postSolution
		SolutionGuid = {18DE4379-F548-43BA-9AA5-105BE7A1496F}
	EndGlobalSection
EndGlobal
